
Microsoft Visual Studio Solution File, Format Version 12.00
# Visual Studio 15
VisualStudioVersion = 15.0.28307.106
MinimumVisualStudioVersion = 10.0.40219.1
Project("{FAE04EC0-301F-11D3-BF4B-00C04F79EFBC}") = "WebListener", "WebListener\WebListener.csproj", "{735DB625-06BA-4FCA-871D-63EF00FEBE07}"
EndProject
Project("{FAE04EC0-301F-11D3-BF4B-00C04F79EFBC}") = "WebSocketConsole", "WebSocketConsole\WebSocketConsole.csproj", "{17A554B3-F3CD-4019-9F73-DC565FF31FAA}"
EndProject
Project("{FAE04EC0-301F-11D3-BF4B-00C04F79EFBC}") = "WebSocketWpf", "WebSocketWpf\WebSocketWpf.csproj", "{9B5758F3-0F14-491B-8DEE-7FCDF119062D}"
EndProject
Global
	GlobalSection(SolutionConfigurationPlatforms) = preSolution
		Debug|Any CPU = Debug|Any CPU
		Release|Any CPU = Release|Any CPU
	EndGlobalSection
	GlobalSection(ProjectConfigurationPlatforms) = postSolution
		{735DB625-06BA-4FCA-871D-63EF00FEBE07}.Debug|Any CPU.ActiveCfg = Debug|Any CPU
		{735DB625-06BA-4FCA-871D-63EF00FEBE07}.Debug|Any CPU.Build.0 = Debug|Any CPU
		{735DB625-06BA-4FCA-871D-63EF00FEBE07}.Release|Any CPU.ActiveCfg = Release|Any CPU
		{735DB625-06BA-4FCA-871D-63EF00FEBE07}.Release|Any CPU.Build.0 = Release|Any CPU
		{17A554B3-F3CD-4019-9F73-DC565FF31FAA}.Debug|Any CPU.ActiveCfg = Debug|Any CPU
		{17A554B3-F3CD-4019-9F73-DC565FF31FAA}.Debug|Any CPU.Build.0 = Debug|Any CPU
		{17A554B3-F3CD-4019-9F73-DC565FF31FAA}.Release|Any CPU.ActiveCfg = Release|Any CPU
		{17A554B3-F3CD-4019-9F73-DC565FF31FAA}.Release|Any CPU.Build.0 = Release|Any CPU
		{9B5758F3-0F14-491B-8DEE-7FCDF119062D}.Debug|Any CPU.ActiveCfg = Debug|Any CPU
		{9B5758F3-0F14-491B-8DEE-7FCDF119062D}.Debug|Any CPU.Build.0 = Debug|Any CPU
		{9B5758F3-0F14-491B-8DEE-7FCDF119062D}.Release|Any CPU.ActiveCfg = Release|Any CPU
		{9B5758F3-0F14-491B-8DEE-7FCDF119062D}.Release|Any CPU.Build.0 = Release|Any CPU
	EndGlobalSection
	GlobalSection(SolutionProperties) = preSolution
		HideSolutionNode = FALSE
	EndGlobalSection
	GlobalSection(ExtensibilityGlobals) = postSolution
		SolutionGuid = {72421115-C006-44F0-9567-6B8A789DF312}
	EndGlobalSection
EndGlobal
