
Microsoft Visual Studio Solution File, Format Version 12.00
# Visual Studio Version 16
VisualStudioVersion = 16.0.29519.181
MinimumVisualStudioVersion = 10.0.40219.1
Project("{9A19103F-16F7-4668-BE54-9A1E7A4F7556}") = "BanksListener", "BanksListener\BanksListener.csproj", "{C0551604-CA30-4F5E-8006-79EB314FF8F1}"
EndProject
Project("{FAE04EC0-301F-11D3-BF4B-00C04F79EFBC}") = "BalisWpf", "BalisWpf\BalisWpf.csproj", "{53D4A7F2-14EE-49B3-95B0-EB1FAD7D958A}"
EndProject
Project("{9A19103F-16F7-4668-BE54-9A1E7A4F7556}") = "BalisStandard", "BalisStandard\BalisStandard.csproj", "{A33957AC-CC26-4CED-A859-F94D14AF172B}"
EndProject
Project("{FAE04EC0-301F-11D3-BF4B-00C04F79EFBC}") = "UtilsLib", "UtilsLib\UtilsLib.csproj", "{42D2E901-D713-4494-97E5-2F2E64A3A4D8}"
EndProject
Project("{9A19103F-16F7-4668-BE54-9A1E7A4F7556}") = "BalisConsole", "BalisConsole\BalisConsole.csproj", "{7DD10F5B-7931-4476-BE72-9B45BD843895}"
EndProject
Global
	GlobalSection(SolutionConfigurationPlatforms) = preSolution
		Debug|Any CPU = Debug|Any CPU
		Release|Any CPU = Release|Any CPU
	EndGlobalSection
	GlobalSection(ProjectConfigurationPlatforms) = postSolution
		{C0551604-CA30-4F5E-8006-79EB314FF8F1}.Debug|Any CPU.ActiveCfg = Debug|Any CPU
		{C0551604-CA30-4F5E-8006-79EB314FF8F1}.Debug|Any CPU.Build.0 = Debug|Any CPU
		{C0551604-CA30-4F5E-8006-79EB314FF8F1}.Release|Any CPU.ActiveCfg = Release|Any CPU
		{C0551604-CA30-4F5E-8006-79EB314FF8F1}.Release|Any CPU.Build.0 = Release|Any CPU
		{53D4A7F2-14EE-49B3-95B0-EB1FAD7D958A}.Debug|Any CPU.ActiveCfg = Debug|Any CPU
		{53D4A7F2-14EE-49B3-95B0-EB1FAD7D958A}.Debug|Any CPU.Build.0 = Debug|Any CPU
		{53D4A7F2-14EE-49B3-95B0-EB1FAD7D958A}.Release|Any CPU.ActiveCfg = Release|Any CPU
		{53D4A7F2-14EE-49B3-95B0-EB1FAD7D958A}.Release|Any CPU.Build.0 = Release|Any CPU
		{A33957AC-CC26-4CED-A859-F94D14AF172B}.Debug|Any CPU.ActiveCfg = Debug|Any CPU
		{A33957AC-CC26-4CED-A859-F94D14AF172B}.Debug|Any CPU.Build.0 = Debug|Any CPU
		{A33957AC-CC26-4CED-A859-F94D14AF172B}.Release|Any CPU.ActiveCfg = Release|Any CPU
		{A33957AC-CC26-4CED-A859-F94D14AF172B}.Release|Any CPU.Build.0 = Release|Any CPU
		{42D2E901-D713-4494-97E5-2F2E64A3A4D8}.Debug|Any CPU.ActiveCfg = Debug|Any CPU
		{42D2E901-D713-4494-97E5-2F2E64A3A4D8}.Debug|Any CPU.Build.0 = Debug|Any CPU
		{42D2E901-D713-4494-97E5-2F2E64A3A4D8}.Release|Any CPU.ActiveCfg = Release|Any CPU
		{42D2E901-D713-4494-97E5-2F2E64A3A4D8}.Release|Any CPU.Build.0 = Release|Any CPU
		{7DD10F5B-7931-4476-BE72-9B45BD843895}.Debug|Any CPU.ActiveCfg = Debug|Any CPU
		{7DD10F5B-7931-4476-BE72-9B45BD843895}.Debug|Any CPU.Build.0 = Debug|Any CPU
		{7DD10F5B-7931-4476-BE72-9B45BD843895}.Release|Any CPU.ActiveCfg = Release|Any CPU
		{7DD10F5B-7931-4476-BE72-9B45BD843895}.Release|Any CPU.Build.0 = Release|Any CPU
	EndGlobalSection
	GlobalSection(SolutionProperties) = preSolution
		HideSolutionNode = FALSE
	EndGlobalSection
	GlobalSection(ExtensibilityGlobals) = postSolution
		SolutionGuid = {72421115-C006-44F0-9567-6B8A789DF312}
	EndGlobalSection
EndGlobal
